<?xml version="1.0" encoding="utf-8"?>
<Project ToolsVersion="4.0" xmlns="http://schemas.microsoft.com/developer/msbuild/2003">
  <ItemGroup>
    <ClCompile Include="source\App.cpp">
      <Filter>Source Files</Filter>
    </ClCompile>
    <ClCompile Include="source\UserControlledEntity.cpp">
      <Filter>Source Files</Filter>
    </ClCompile>
    <ClCompile Include="source\CameraExt.cpp">
      <Filter>Source Files</Filter>
    </ClCompile>
    <ClCompile Include="source\CameraExtFreelook.cpp">
      <Filter>Source Files</Filter>
    </ClCompile>
    <ClCompile Include="source\Controlls.cpp">
      <Filter>Source Files</Filter>
    </ClCompile>
    <ClCompile Include="source\Globe.cpp">
      <Filter>Source Files</Filter>
    </ClCompile>
    <ClCompile Include="source\Particle.cpp">
      <Filter>Source Files</Filter>
    </ClCompile>
  </ItemGroup>
  <ItemGroup>
    <ClInclude Include="source\App.h">
      <Filter>Header Files</Filter>
    </ClInclude>
    <ClInclude Include="source\UserControlledEntity.h">
      <Filter>Header Files</Filter>
    </ClInclude>
    <ClInclude Include="source\CameraExt.h">
      <Filter>Header Files</Filter>
    </ClInclude>
    <ClInclude Include="source\CameraExtFreelook.h">
      <Filter>Header Files</Filter>
    </ClInclude>
    <ClInclude Include="source\Controlls.h">
      <Filter>Header Files</Filter>
    </ClInclude>
    <ClInclude Include="source\Globe.h">
      <Filter>Header Files</Filter>
    </ClInclude>
    <ClInclude Include="source\Particle.h">
      <Filter>Header Files</Filter>
    </ClInclude>
  </ItemGroup>
  <ItemGroup>
    <ResourceCompile Include="resources.rc" />
  </ItemGroup>
  <ItemGroup>
    <None Include="mainpage.dox" />
    <None Include="Doxyfile" />
    <None Include="journal\journal.md.html" />
    <None Include="data-files\globe-eperiment.Scene.Any">
      <Filter>Scene Files</Filter>
    </None>
  </ItemGroup>
  <ItemGroup>
    <Filter Include="Source Files">
      <UniqueIdentifier>{e022396f-0616-4d65-bb46-4497a9a24891}</UniqueIdentifier>
      <Extensions>*.cpp</Extensions>
    </Filter>
    <Filter Include="Header Files">
      <UniqueIdentifier>{7808eb57-c0e1-4947-8248-1127238ea26e}</UniqueIdentifier>
      <Extensions>*.h</Extensions>
    </Filter>
    <Filter Include="Shader Files">
      <UniqueIdentifier>{562523b7-dfa2-4cfa-acae-1ad7ade219dd}</UniqueIdentifier>
      <Extensions>*.vrt;*.geo;*.pix</Extensions>
    </Filter>
    <Filter Include="Scene Files">
      <UniqueIdentifier>{f7819c7b-69f2-4778-bec8-4dbee2bfa711}</UniqueIdentifier>
      <Extensions>*.any</Extensions>
    </Filter>
  </ItemGroup>
</Project>